
Microsoft Visual Studio Solution File, Format Version 12.00
# Visual Studio Version 17
VisualStudioVersion = 17.0.31903.59
MinimumVisualStudioVersion = 10.0.40219.1
Project("{FAE04EC0-301F-11D3-BF4B-00C04F79EFBC}") = "Jellyfin.Plugin.Subdivx", "Jellyfin.Plugin.Subdivx\Jellyfin.Plugin.Subdivx.csproj", "{6BBEA5C9-746A-4FEB-BA32-E289CAE1B2E8}"
EndProject
Project("{FAE04EC0-301F-11D3-BF4B-00C04F79EFBC}") = "Jellyfin.Plugin.SubdivxTests", "Jellyfin.Plugin.SubdivxTests\Jellyfin.Plugin.SubdivxTests.csproj", "{C4BF8F3E-6497-40EB-8BD4-F905C136F2B6}"
EndProject
Project("{2150E333-8FDC-42A3-9474-1A3956D46DE8}") = "Solution Items", "Solution Items", "{535B5C43-DB98-43CB-AF4F-9A56352EDBB0}"
	ProjectSection(SolutionItems) = preProject
		.github\workflows\tests.yml = .github\workflows\tests.yml
		.github\workflows\dotnet.yml = .github\workflows\dotnet.yml
		.gitignore = .gitignore
		build.yaml = build.yaml
		compose.yml = compose.yml
	EndProjectSection
EndProject
Global
	GlobalSection(SolutionConfigurationPlatforms) = preSolution
		Debug|Any CPU = Debug|Any CPU
		Debug|x64 = Debug|x64
		Debug|x86 = Debug|x86
		Release|Any CPU = Release|Any CPU
		Release|x64 = Release|x64
		Release|x86 = Release|x86
	EndGlobalSection
	GlobalSection(ProjectConfigurationPlatforms) = postSolution
		{6BBEA5C9-746A-4FEB-BA32-E289CAE1B2E8}.Debug|Any CPU.ActiveCfg = Debug|Any CPU
		{6BBEA5C9-746A-4FEB-BA32-E289CAE1B2E8}.Debug|Any CPU.Build.0 = Debug|Any CPU
		{6BBEA5C9-746A-4FEB-BA32-E289CAE1B2E8}.Debug|x64.ActiveCfg = Debug|Any CPU
		{6BBEA5C9-746A-4FEB-BA32-E289CAE1B2E8}.Debug|x64.Build.0 = Debug|Any CPU
		{6BBEA5C9-746A-4FEB-BA32-E289CAE1B2E8}.Debug|x86.ActiveCfg = Debug|Any CPU
		{6BBEA5C9-746A-4FEB-BA32-E289CAE1B2E8}.Debug|x86.Build.0 = Debug|Any CPU
		{6BBEA5C9-746A-4FEB-BA32-E289CAE1B2E8}.Release|Any CPU.ActiveCfg = Release|Any CPU
		{6BBEA5C9-746A-4FEB-BA32-E289CAE1B2E8}.Release|Any CPU.Build.0 = Release|Any CPU
		{6BBEA5C9-746A-4FEB-BA32-E289CAE1B2E8}.Release|x64.ActiveCfg = Release|Any CPU
		{6BBEA5C9-746A-4FEB-BA32-E289CAE1B2E8}.Release|x64.Build.0 = Release|Any CPU
		{6BBEA5C9-746A-4FEB-BA32-E289CAE1B2E8}.Release|x86.ActiveCfg = Release|Any CPU
		{6BBEA5C9-746A-4FEB-BA32-E289CAE1B2E8}.Release|x86.Build.0 = Release|Any CPU
		{C4BF8F3E-6497-40EB-8BD4-F905C136F2B6}.Debug|Any CPU.ActiveCfg = Debug|Any CPU
		{C4BF8F3E-6497-40EB-8BD4-F905C136F2B6}.Debug|Any CPU.Build.0 = Debug|Any CPU
		{C4BF8F3E-6497-40EB-8BD4-F905C136F2B6}.Debug|x64.ActiveCfg = Debug|Any CPU
		{C4BF8F3E-6497-40EB-8BD4-F905C136F2B6}.Debug|x64.Build.0 = Debug|Any CPU
		{C4BF8F3E-6497-40EB-8BD4-F905C136F2B6}.Debug|x86.ActiveCfg = Debug|Any CPU
		{C4BF8F3E-6497-40EB-8BD4-F905C136F2B6}.Debug|x86.Build.0 = Debug|Any CPU
		{C4BF8F3E-6497-40EB-8BD4-F905C136F2B6}.Release|Any CPU.ActiveCfg = Release|Any CPU
		{C4BF8F3E-6497-40EB-8BD4-F905C136F2B6}.Release|Any CPU.Build.0 = Release|Any CPU
		{C4BF8F3E-6497-40EB-8BD4-F905C136F2B6}.Release|x64.ActiveCfg = Release|Any CPU
		{C4BF8F3E-6497-40EB-8BD4-F905C136F2B6}.Release|x64.Build.0 = Release|Any CPU
		{C4BF8F3E-6497-40EB-8BD4-F905C136F2B6}.Release|x86.ActiveCfg = Release|Any CPU
		{C4BF8F3E-6497-40EB-8BD4-F905C136F2B6}.Release|x86.Build.0 = Release|Any CPU
	EndGlobalSection
	GlobalSection(SolutionProperties) = preSolution
		HideSolutionNode = FALSE
	EndGlobalSection
	GlobalSection(NestedProjects) = preSolution
	EndGlobalSection
EndGlobal
